# This file is autogenerated, do not edit; changes may be undone by the next 'dep ensure'.


[[projects]]
  branch = "master"
  name = "github.com/paulrosania/go-charset"
  packages = ["charset","data"]
  revision = "621bb39fcc835dce592e682f5073025d0169587b"

[solve-meta]
  analyzer-name = "dep"
  analyzer-version = 1
  inputs-digest = "2c561cd79f8fa89813cae2e42925cfaa64a66073f1b339d26fba0281596e3b7b"
  solver-name = "gps-cdcl"
  solver-version = 1
